{
  "nodes": {
    "nixpkgs": {
      "locked": {
        "lastModified": 1789114715,
        "narHash": "sha256-ugpsyk3NM2s87vXfUiIIiibbJ4Pp0JPS5p/3mfs+q+c=",
        "owner": "NixOS",
        "repo": "nixpkgs",
        "rev": "21a67dc470149f337cecafbe965d8d252a390518",
        "type": "github"
      },
      "original": {
        "owner": "NixOS",
        "ref": "nixos-26.05",
        "repo": "nixpkgs",
        "type": "github"
      }
    },
    "nixpkgs-lock": {
      "inputs": {
        "nixpkgs": "nixpkgs"
      },
      "locked": {
        "lastModified": 1789204519,
        "narHash": "sha256-Mzwi9gOdJPH5vc/sSsCudR4RsfeXlako/b5jOCu1K04=",
        "owner": "pr0d1r2",
        "repo": "nixpkgs-lock",
        "rev": "f40b861b6a866d12144048213901006eda91dae3",
        "type": "github"
      },
      "original": {
        "owner": "pr0d1r2",
        "repo": "nixpkgs-lock",
        "type": "github"
      }
    },
    "root": {
      "inputs": {
        "nixpkgs": [
          "nixpkgs-lock",
          "nixpkgs"
        ],
        "nixpkgs-lock": "nixpkgs-lock"
      }
    }
  },
  "root": "root",
  "version": 7
}
