{
  "nodes": {
    "nixpkgs": {
      "locked": {
        "lastModified": 1790113641,
        "narHash": "sha256-D2aaQetafdpHxbwA4ldAxs51UX0b11pXL+JL/5L8VrM=",
        "owner": "NixOS",
        "repo": "nixpkgs",
        "rev": "1bc55b9def8165e82073919945c3239903fe4dc2",
        "type": "github"
      },
      "original": {
        "owner": "NixOS",
        "ref": "nixos-26.05",
        "repo": "nixpkgs",
        "type": "github"
      }
    },
    "nixpkgs-lock": {
      "inputs": {
        "nixpkgs": "nixpkgs"
      },
      "locked": {
        "lastModified": 1790189534,
        "narHash": "sha256-f+p7S3YmYCxFt9fucOCKa6HUM9aZe6sK1U8cRq08dWg=",
        "owner": "pr0d1r2",
        "repo": "nixpkgs-lock",
        "rev": "4b458f3032fae41d71aac3f704a6f62d590a150b",
        "type": "github"
      },
      "original": {
        "owner": "pr0d1r2",
        "repo": "nixpkgs-lock",
        "type": "github"
      }
    },
    "root": {
      "inputs": {
        "nixpkgs": [
          "nixpkgs-lock",
          "nixpkgs"
        ],
        "nixpkgs-lock": "nixpkgs-lock"
      }
    }
  },
  "root": "root",
  "version": 7
}
